
Microsoft Visual Studio Solution File, Format Version 12.00
# Visual Studio 2013
VisualStudioVersion = 12.0.21005.1
MinimumVisualStudioVersion = 10.0.40219.1
Project("{FAE04EC0-301F-11D3-BF4B-00C04F79EFBC}") = "RemoteEV3", "RemoteEV3\RemoteEV3.csproj", "{7EACBD03-6A24-42F3-89C3-B407C7EACD0C}"
EndProject
Project("{FAE04EC0-301F-11D3-BF4B-00C04F79EFBC}") = "Test", "Test\Test.csproj", "{990A5D3B-B7AA-4A91-9E80-87148F445540}"
EndProject
Global
	GlobalSection(SolutionConfigurationPlatforms) = preSolution
		Debug|Any CPU = Debug|Any CPU
		Release|Any CPU = Release|Any CPU
	EndGlobalSection
	GlobalSection(ProjectConfigurationPlatforms) = postSolution
		{7EACBD03-6A24-42F3-89C3-B407C7EACD0C}.Debug|Any CPU.ActiveCfg = Debug|Any CPU
		{7EACBD03-6A24-42F3-89C3-B407C7EACD0C}.Debug|Any CPU.Build.0 = Debug|Any CPU
		{7EACBD03-6A24-42F3-89C3-B407C7EACD0C}.Release|Any CPU.ActiveCfg = Release|Any CPU
		{7EACBD03-6A24-42F3-89C3-B407C7EACD0C}.Release|Any CPU.Build.0 = Release|Any CPU
		{990A5D3B-B7AA-4A91-9E80-87148F445540}.Debug|Any CPU.ActiveCfg = Debug|Any CPU
		{990A5D3B-B7AA-4A91-9E80-87148F445540}.Debug|Any CPU.Build.0 = Debug|Any CPU
		{990A5D3B-B7AA-4A91-9E80-87148F445540}.Release|Any CPU.ActiveCfg = Release|Any CPU
		{990A5D3B-B7AA-4A91-9E80-87148F445540}.Release|Any CPU.Build.0 = Release|Any CPU
	EndGlobalSection
	GlobalSection(SolutionProperties) = preSolution
		HideSolutionNode = FALSE
	EndGlobalSection
EndGlobal
